
Microsoft Visual Studio Solution File, Format Version 12.00
# Visual Studio Version 17
VisualStudioVersion = 17.0.31912.275
MinimumVisualStudioVersion = 10.0.40219.1
Project("{FAE04EC0-301F-11D3-BF4B-00C04F79EFBC}") = "BlazorAppNasa.Server", "Server\BlazorAppNasa.Server.csproj", "{4E304FC9-C76C-44B6-B179-DE5AF70E6D2B}"
EndProject
Project("{FAE04EC0-301F-11D3-BF4B-00C04F79EFBC}") = "BlazorAppNasa.Client", "Client\BlazorAppNasa.Client.csproj", "{16D9A485-25AE-43A8-9878-96BD643DA912}"
EndProject
Project("{FAE04EC0-301F-11D3-BF4B-00C04F79EFBC}") = "BlazorAppNasa.Shared", "Shared\BlazorAppNasa.Shared.csproj", "{3C13EFB2-9706-48F8-BF86-4F33703C6245}"
EndProject
Global
	GlobalSection(SolutionConfigurationPlatforms) = preSolution
		Debug|Any CPU = Debug|Any CPU
		Release|Any CPU = Release|Any CPU
	EndGlobalSection
	GlobalSection(ProjectConfigurationPlatforms) = postSolution
		{4E304FC9-C76C-44B6-B179-DE5AF70E6D2B}.Debug|Any CPU.ActiveCfg = Debug|Any CPU
		{4E304FC9-C76C-44B6-B179-DE5AF70E6D2B}.Debug|Any CPU.Build.0 = Debug|Any CPU
		{4E304FC9-C76C-44B6-B179-DE5AF70E6D2B}.Release|Any CPU.ActiveCfg = Release|Any CPU
		{4E304FC9-C76C-44B6-B179-DE5AF70E6D2B}.Release|Any CPU.Build.0 = Release|Any CPU
		{16D9A485-25AE-43A8-9878-96BD643DA912}.Debug|Any CPU.ActiveCfg = Debug|Any CPU
		{16D9A485-25AE-43A8-9878-96BD643DA912}.Debug|Any CPU.Build.0 = Debug|Any CPU
		{16D9A485-25AE-43A8-9878-96BD643DA912}.Release|Any CPU.ActiveCfg = Release|Any CPU
		{16D9A485-25AE-43A8-9878-96BD643DA912}.Release|Any CPU.Build.0 = Release|Any CPU
		{3C13EFB2-9706-48F8-BF86-4F33703C6245}.Debug|Any CPU.ActiveCfg = Debug|Any CPU
		{3C13EFB2-9706-48F8-BF86-4F33703C6245}.Debug|Any CPU.Build.0 = Debug|Any CPU
		{3C13EFB2-9706-48F8-BF86-4F33703C6245}.Release|Any CPU.ActiveCfg = Release|Any CPU
		{3C13EFB2-9706-48F8-BF86-4F33703C6245}.Release|Any CPU.Build.0 = Release|Any CPU
	EndGlobalSection
	GlobalSection(SolutionProperties) = preSolution
		HideSolutionNode = FALSE
	EndGlobalSection
	GlobalSection(ExtensibilityGlobals) = postSolution
		SolutionGuid = {110B617D-CB40-42EC-B070-496ACC04A554}
	EndGlobalSection
EndGlobal
